
Microsoft Visual Studio Solution File, Format Version 12.00
# Visual Studio Version 17
VisualStudioVersion = 17.3.32929.385
MinimumVisualStudioVersion = 10.0.40219.1
Project("{FAE04EC0-301F-11D3-BF4B-00C04F79EFBC}") = "Win11UpdateCheckBypass", "Win11UpdateCheckBypass\Win11UpdateCheckBypass.csproj", "{9DD87B72-A364-46D7-BD60-DA574CCE2982}"
EndProject
Global
	GlobalSection(SolutionConfigurationPlatforms) = preSolution
		Debug|Any CPU = Debug|Any CPU
		Release|Any CPU = Release|Any CPU
	EndGlobalSection
	GlobalSection(ProjectConfigurationPlatforms) = postSolution
		{9DD87B72-A364-46D7-BD60-DA574CCE2982}.Debug|Any CPU.ActiveCfg = Debug|Any CPU
		{9DD87B72-A364-46D7-BD60-DA574CCE2982}.Debug|Any CPU.Build.0 = Debug|Any CPU
		{9DD87B72-A364-46D7-BD60-DA574CCE2982}.Release|Any CPU.ActiveCfg = Release|Any CPU
		{9DD87B72-A364-46D7-BD60-DA574CCE2982}.Release|Any CPU.Build.0 = Release|Any CPU
	EndGlobalSection
	GlobalSection(SolutionProperties) = preSolution
		HideSolutionNode = FALSE
	EndGlobalSection
	GlobalSection(ExtensibilityGlobals) = postSolution
		SolutionGuid = {E7393BF1-9FC3-45DA-B9D0-15FB9EF6DF40}
	EndGlobalSection
EndGlobal
